
Microsoft Visual Studio Solution File, Format Version 12.00
# Visual Studio 15
VisualStudioVersion = 15.0.28307.1082
MinimumVisualStudioVersion = 10.0.40219.1
Project("{FAE04EC0-301F-11D3-BF4B-00C04F79EFBC}") = "ECommerceApp.WebUI", "ECommerceApp.WebUI\ECommerceApp.WebUI.csproj", "{E3DCDDBA-51DA-40D6-A8AB-762977C9F69E}"
EndProject
Global
	GlobalSection(SolutionConfigurationPlatforms) = preSolution
		Debug|Any CPU = Debug|Any CPU
		Release|Any CPU = Release|Any CPU
	EndGlobalSection
	GlobalSection(ProjectConfigurationPlatforms) = postSolution
		{E3DCDDBA-51DA-40D6-A8AB-762977C9F69E}.Debug|Any CPU.ActiveCfg = Debug|Any CPU
		{E3DCDDBA-51DA-40D6-A8AB-762977C9F69E}.Debug|Any CPU.Build.0 = Debug|Any CPU
		{E3DCDDBA-51DA-40D6-A8AB-762977C9F69E}.Release|Any CPU.ActiveCfg = Release|Any CPU
		{E3DCDDBA-51DA-40D6-A8AB-762977C9F69E}.Release|Any CPU.Build.0 = Release|Any CPU
	EndGlobalSection
	GlobalSection(SolutionProperties) = preSolution
		HideSolutionNode = FALSE
	EndGlobalSection
	GlobalSection(ExtensibilityGlobals) = postSolution
		SolutionGuid = {DE1AEA02-7F22-41F0-BEE0-7797ECFB712A}
	EndGlobalSection
EndGlobal
